// !$*UTF8*$!
{
	archiveVersion = 1;
	classes = {
	};
	objectVersion = 55;
	objects = {

/* Begin PBXBuildFile section */
		425B4E21919D8961AF0A8273 /* Pods_iOS_Mini_Project_Panha_BTB.framework in Frameworks */ = {isa = PBXBuildFile; fileRef = 4B361D1F4AB01A6C0E966BA8 /* Pods_iOS_Mini_Project_Panha_BTB.framework */; };
		8B0B6126275369E70038F18A /* ProfileSB.storyboard in Resources */ = {isa = PBXBuildFile; fileRef = 8B0B6125275369E70038F18A /* ProfileSB.storyboard */; };
		8B0B612827536A150038F18A /* NewFeedSB.storyboard in Resources */ = {isa = PBXBuildFile; fileRef = 8B0B612727536A150038F18A /* NewFeedSB.storyboard */; };
		8B0B612A27536AB30038F18A /* ProfileViewController.swift in Sources */ = {isa = PBXBuildFile; fileRef = 8B0B612927536AB30038F18A /* ProfileViewController.swift */; };
		8B0B612C27536C6F0038F18A /* PostSB.storyboard in Resources */ = {isa = PBXBuildFile; fileRef = 8B0B612B27536C6F0038F18A /* PostSB.storyboard */; };
		8B0B612E27536C870038F18A /* PostViewController.swift in Sources */ = {isa = PBXBuildFile; fileRef = 8B0B612D27536C870038F18A /* PostViewController.swift */; };
		8B895C79274DE98B008F557E /* AppDelegate.swift in Sources */ = {isa = PBXBuildFile; fileRef = 8B895C78274DE98B008F557E /* AppDelegate.swift */; };
		8B895C7B274DE98B008F557E /* SceneDelegate.swift in Sources */ = {isa = PBXBuildFile; fileRef = 8B895C7A274DE98B008F557E /* SceneDelegate.swift */; };
		8B895C80274DE98B008F557E /* Main.storyboard in Resources */ = {isa = PBXBuildFile; fileRef = 8B895C7E274DE98B008F557E /* Main.storyboard */; };
		8B895C82274DE98C008F557E /* Assets.xcassets in Resources */ = {isa = PBXBuildFile; fileRef = 8B895C81274DE98C008F557E /* Assets.xcassets */; };
		8B895C85274DE98C008F557E /* LaunchScreen.storyboard in Resources */ = {isa = PBXBuildFile; fileRef = 8B895C83274DE98C008F557E /* LaunchScreen.storyboard */; };
		8BFD627E27548C7A00EF43BA /* Article.swift in Sources */ = {isa = PBXBuildFile; fileRef = 8BFD627D27548C7A00EF43BA /* Article.swift */; };
		8BFD62822754A54D00EF43BA /* ArticleModel.swift in Sources */ = {isa = PBXBuildFile; fileRef = 8BFD62812754A54D00EF43BA /* ArticleModel.swift */; };
		8BFD628F2754E36A00EF43BA /* ArticleTableViewCell.swift in Sources */ = {isa = PBXBuildFile; fileRef = 8BFD628E2754E36A00EF43BA /* ArticleTableViewCell.swift */; };
		8BFD62912754E3FA00EF43BA /* Networking.swift in Sources */ = {isa = PBXBuildFile; fileRef = 8BFD62902754E3FA00EF43BA /* Networking.swift */; };
		8BFD62932754E48400EF43BA /* FeedViewController.swift in Sources */ = {isa = PBXBuildFile; fileRef = 8BFD62922754E48400EF43BA /* FeedViewController.swift */; };
		8BFD62952755041D00EF43BA /* FeedViewModel.swift in Sources */ = {isa = PBXBuildFile; fileRef = 8BFD62942755041D00EF43BA /* FeedViewModel.swift */; };
/* End PBXBuildFile section */

/* Begin PBXFileReference section */
		1D8CD0CCE5C3579EF8ED10CC /* Pods-iOS_Mini_Project_Panha_BTB.release.xcconfig */ = {isa = PBXFileReference; includeInIndex = 1; lastKnownFileType = text.xcconfig; name = "Pods-iOS_Mini_Project_Panha_BTB.release.xcconfig"; path = "Target Support Files/Pods-iOS_Mini_Project_Panha_BTB/Pods-iOS_Mini_Project_Panha_BTB.release.xcconfig"; sourceTree = "<group>"; };
		4B361D1F4AB01A6C0E966BA8 /* Pods_iOS_Mini_Project_Panha_BTB.framework */ = {isa = PBXFileReference; explicitFileType = wrapper.framework; includeInIndex = 0; path = Pods_iOS_Mini_Project_Panha_BTB.framework; sourceTree = BUILT_PRODUCTS_DIR; };
		8B0B6125275369E70038F18A /* ProfileSB.storyboard */ = {isa = PBXFileReference; lastKnownFileType = file.storyboard; path = ProfileSB.storyboard; sourceTree = "<group>"; };
		8B0B612727536A150038F18A /* NewFeedSB.storyboard */ = {isa = PBXFileReference; lastKnownFileType = file.storyboard; path = NewFeedSB.storyboard; sourceTree = "<group>"; };
		8B0B612927536AB30038F18A /* ProfileViewController.swift */ = {isa = PBXFileReference; lastKnownFileType = sourcecode.swift; path = ProfileViewController.swift; sourceTree = "<group>"; };
		8B0B612B27536C6F0038F18A /* PostSB.storyboard */ = {isa = PBXFileReference; lastKnownFileType = file.storyboard; path = PostSB.storyboard; sourceTree = "<group>"; };
		8B0B612D27536C870038F18A /* PostViewController.swift */ = {isa = PBXFileReference; lastKnownFileType = sourcecode.swift; path = PostViewController.swift; sourceTree = "<group>"; };
		8B895C75274DE98B008F557E /* iOS_Mini_Project_Panha_BTB.app */ = {isa = PBXFileReference; explicitFileType = wrapper.application; includeInIndex = 0; path = iOS_Mini_Project_Panha_BTB.app; sourceTree = BUILT_PRODUCTS_DIR; };
		8B895C78274DE98B008F557E /* AppDelegate.swift */ = {isa = PBXFileReference; lastKnownFileType = sourcecode.swift; path = AppDelegate.swift; sourceTree = "<group>"; };
		8B895C7A274DE98B008F557E /* SceneDelegate.swift */ = {isa = PBXFileReference; lastKnownFileType = sourcecode.swift; path = SceneDelegate.swift; sourceTree = "<group>"; };
		8B895C7F274DE98B008F557E /* Base */ = {isa = PBXFileReference; lastKnownFileType = file.storyboard; name = Base; path = Base.lproj/Main.storyboard; sourceTree = "<group>"; };
		8B895C81274DE98C008F557E /* Assets.xcassets */ = {isa = PBXFileReference; lastKnownFileType = folder.assetcatalog; path = Assets.xcassets; sourceTree = "<group>"; };
		8B895C84274DE98C008F557E /* Base */ = {isa = PBXFileReference; lastKnownFileType = file.storyboard; name = Base; path = Base.lproj/LaunchScreen.storyboard; sourceTree = "<group>"; };
		8B895C86274DE98C008F557E /* Info.plist */ = {isa = PBXFileReference; lastKnownFileType = text.plist.xml; path = Info.plist; sourceTree = "<group>"; };
		8BFD627D27548C7A00EF43BA /* Article.swift */ = {isa = PBXFileReference; lastKnownFileType = sourcecode.swift; path = Article.swift; sourceTree = "<group>"; };
		8BFD62812754A54D00EF43BA /* ArticleModel.swift */ = {isa = PBXFileReference; lastKnownFileType = sourcecode.swift; path = ArticleModel.swift; sourceTree = "<group>"; };
		8BFD628E2754E36A00EF43BA /* ArticleTableViewCell.swift */ = {isa = PBXFileReference; lastKnownFileType = sourcecode.swift; path = ArticleTableViewCell.swift; sourceTree = "<group>"; };
		8BFD62902754E3FA00EF43BA /* Networking.swift */ = {isa = PBXFileReference; lastKnownFileType = sourcecode.swift; path = Networking.swift; sourceTree = "<group>"; };
		8BFD62922754E48400EF43BA /* FeedViewController.swift */ = {isa = PBXFileReference; lastKnownFileType = sourcecode.swift; path = FeedViewController.swift; sourceTree = "<group>"; };
		8BFD62942755041D00EF43BA /* FeedViewModel.swift */ = {isa = PBXFileReference; lastKnownFileType = sourcecode.swift; path = FeedViewModel.swift; sourceTree = "<group>"; };
		AD79C57C30FB68ADABEC313C /* Pods-iOS_Mini_Project_Panha_BTB.debug.xcconfig */ = {isa = PBXFileReference; includeInIndex = 1; lastKnownFileType = text.xcconfig; name = "Pods-iOS_Mini_Project_Panha_BTB.debug.xcconfig"; path = "Target Support Files/Pods-iOS_Mini_Project_Panha_BTB/Pods-iOS_Mini_Project_Panha_BTB.debug.xcconfig"; sourceTree = "<group>"; };
/* End PBXFileReference section */

/* Begin PBXFrameworksBuildPhase section */
		8B895C72274DE98B008F557E /* Frameworks */ = {
			isa = PBXFrameworksBuildPhase;
			buildActionMask = 2147483647;
			files = (
				425B4E21919D8961AF0A8273 /* Pods_iOS_Mini_Project_Panha_BTB.framework in Frameworks */,
			);
			runOnlyForDeploymentPostprocessing = 0;
		};
/* End PBXFrameworksBuildPhase section */

/* Begin PBXGroup section */
		158043839B58362B4A21A2BB /* Pods */ = {
			isa = PBXGroup;
			children = (
				AD79C57C30FB68ADABEC313C /* Pods-iOS_Mini_Project_Panha_BTB.debug.xcconfig */,
				1D8CD0CCE5C3579EF8ED10CC /* Pods-iOS_Mini_Project_Panha_BTB.release.xcconfig */,
			);
			path = Pods;
			sourceTree = "<group>";
		};
		8B0B611F275363180038F18A /* Post */ = {
			isa = PBXGroup;
			children = (
				8B0B6123275363500038F18A /* Model */,
				8B0B6122275363450038F18A /* ViewModel */,
				8B0B61212753633C0038F18A /* View */,
				8B0B6120275363310038F18A /* Controller */,
			);
			path = Post;
			sourceTree = "<group>";
		};
		8B0B6120275363310038F18A /* Controller */ = {
			isa = PBXGroup;
			children = (
				8B0B612D27536C870038F18A /* PostViewController.swift */,
			);
			path = Controller;
			sourceTree = "<group>";
		};
		8B0B61212753633C0038F18A /* View */ = {
			isa = PBXGroup;
			children = (
				8B0B612B27536C6F0038F18A /* PostSB.storyboard */,
			);
			path = View;
			sourceTree = "<group>";
		};
		8B0B6122275363450038F18A /* ViewModel */ = {
			isa = PBXGroup;
			children = (
			);
			path = ViewModel;
			sourceTree = "<group>";
		};
		8B0B6123275363500038F18A /* Model */ = {
			isa = PBXGroup;
			children = (
			);
			path = Model;
			sourceTree = "<group>";
		};
		8B53232D274E609E0068B99B /* AppDelegate */ = {
			isa = PBXGroup;
			children = (
				8B895C78274DE98B008F557E /* AppDelegate.swift */,
				8B895C7A274DE98B008F557E /* SceneDelegate.swift */,
			);
			path = AppDelegate;
			sourceTree = "<group>";
		};
		8B53232E274E60C10068B99B /* Application */ = {
			isa = PBXGroup;
			children = (
				8B0B611F275363180038F18A /* Post */,
				8B532333274E62360068B99B /* Profile */,
				8B532332274E62260068B99B /* NewsFeed */,
				8B53232F274E60F30068B99B /* Storyboard */,
			);
			path = Application;
			sourceTree = "<group>";
		};
		8B53232F274E60F30068B99B /* Storyboard */ = {
			isa = PBXGroup;
			children = (
				8B895C7E274DE98B008F557E /* Main.storyboard */,
				8B895C83274DE98C008F557E /* LaunchScreen.storyboard */,
			);
			path = Storyboard;
			sourceTree = "<group>";
		};
		8B532330274E611E0068B99B /* Controller */ = {
			isa = PBXGroup;
			children = (
				8B0B612927536AB30038F18A /* ProfileViewController.swift */,
			);
			path = Controller;
			sourceTree = "<group>";
		};
		8B532332274E62260068B99B /* NewsFeed */ = {
			isa = PBXGroup;
			children = (
				8BFD628D2754E25900EF43BA /* Extension */,
				8BFD62852754B2E200EF43BA /* Cell */,
				8B532339274E62D50068B99B /* Controller */,
				8B532338274E62880068B99B /* View */,
				8B532337274E626C0068B99B /* ViewModel */,
				8B532336274E62630068B99B /* Model */,
				8B532335274E62580068B99B /* FeedService */,
			);
			path = NewsFeed;
			sourceTree = "<group>";
		};
		8B532333274E62360068B99B /* Profile */ = {
			isa = PBXGroup;
			children = (
				8B532334274E62460068B99B /* View */,
				8B532330274E611E0068B99B /* Controller */,
			);
			path = Profile;
			sourceTree = "<group>";
		};
		8B532334274E62460068B99B /* View */ = {
			isa = PBXGroup;
			children = (
				8B0B6125275369E70038F18A /* ProfileSB.storyboard */,
			);
			path = View;
			sourceTree = "<group>";
		};
		8B532335274E62580068B99B /* FeedService */ = {
			isa = PBXGroup;
			children = (
				8BFD62902754E3FA00EF43BA /* Networking.swift */,
			);
			path = FeedService;
			sourceTree = "<group>";
		};
		8B532336274E62630068B99B /* Model */ = {
			isa = PBXGroup;
			children = (
				8BFD627D27548C7A00EF43BA /* Article.swift */,
				8BFD62812754A54D00EF43BA /* ArticleModel.swift */,
			);
			path = Model;
			sourceTree = "<group>";
		};
		8B532337274E626C0068B99B /* ViewModel */ = {
			isa = PBXGroup;
			children = (
				8BFD62942755041D00EF43BA /* FeedViewModel.swift */,
			);
			path = ViewModel;
			sourceTree = "<group>";
		};
		8B532338274E62880068B99B /* View */ = {
			isa = PBXGroup;
			children = (
				8B0B612727536A150038F18A /* NewFeedSB.storyboard */,
			);
			path = View;
			sourceTree = "<group>";
		};
		8B532339274E62D50068B99B /* Controller */ = {
			isa = PBXGroup;
			children = (
				8BFD62922754E48400EF43BA /* FeedViewController.swift */,
			);
			path = Controller;
			sourceTree = "<group>";
		};
		8B895C6C274DE98B008F557E = {
			isa = PBXGroup;
			children = (
				8B895C77274DE98B008F557E /* iOS_Mini_Project_Panha_BTB */,
				8B895C76274DE98B008F557E /* Products */,
				158043839B58362B4A21A2BB /* Pods */,
				B9930B80A0837170A318072D /* Frameworks */,
			);
			sourceTree = "<group>";
		};
		8B895C76274DE98B008F557E /* Products */ = {
			isa = PBXGroup;
			children = (
				8B895C75274DE98B008F557E /* iOS_Mini_Project_Panha_BTB.app */,
			);
			name = Products;
			sourceTree = "<group>";
		};
		8B895C77274DE98B008F557E /* iOS_Mini_Project_Panha_BTB */ = {
			isa = PBXGroup;
			children = (
				8B895C86274DE98C008F557E /* Info.plist */,
				8B895C81274DE98C008F557E /* Assets.xcassets */,
				8B53232E274E60C10068B99B /* Application */,
				8B53232D274E609E0068B99B /* AppDelegate */,
			);
			path = iOS_Mini_Project_Panha_BTB;
			sourceTree = "<group>";
		};
		8BFD62852754B2E200EF43BA /* Cell */ = {
			isa = PBXGroup;
			children = (
				8BFD628E2754E36A00EF43BA /* ArticleTableViewCell.swift */,
			);
			path = Cell;
			sourceTree = "<group>";
		};
		8BFD628D2754E25900EF43BA /* Extension */ = {
			isa = PBXGroup;
			children = (
			);
			path = Extension;
			sourceTree = "<group>";
		};
		B9930B80A0837170A318072D /* Frameworks */ = {
			isa = PBXGroup;
			children = (
				4B361D1F4AB01A6C0E966BA8 /* Pods_iOS_Mini_Project_Panha_BTB.framework */,
			);
			name = Frameworks;
			sourceTree = "<group>";
		};
/* End PBXGroup section */

/* Begin PBXNativeTarget section */
		8B895C74274DE98B008F557E /* iOS_Mini_Project_Panha_BTB */ = {
			isa = PBXNativeTarget;
			buildConfigurationList = 8B895C89274DE98D008F557E /* Build configuration list for PBXNativeTarget "iOS_Mini_Project_Panha_BTB" */;
			buildPhases = (
				913E22EF9C1D3D2042BC699F /* [CP] Check Pods Manifest.lock */,
				8B895C71274DE98B008F557E /* Sources */,
				8B895C72274DE98B008F557E /* Frameworks */,
				8B895C73274DE98B008F557E /* Resources */,
				D0D3A0416AE3D1A90020F9A8 /* [CP] Embed Pods Frameworks */,
			);
			buildRules = (
			);
			dependencies = (
			);
			name = iOS_Mini_Project_Panha_BTB;
			productName = iOS_Mini_Project_Panha_BTB;
			productReference = 8B895C75274DE98B008F557E /* iOS_Mini_Project_Panha_BTB.app */;
			productType = "com.apple.product-type.application";
		};
/* End PBXNativeTarget section */

/* Begin PBXProject section */
		8B895C6D274DE98B008F557E /* Project object */ = {
			isa = PBXProject;
			attributes = {
				BuildIndependentTargetsInParallel = 1;
				LastSwiftUpdateCheck = 1310;
				LastUpgradeCheck = 1310;
				TargetAttributes = {
					8B895C74274DE98B008F557E = {
						CreatedOnToolsVersion = 13.1;
					};
				};
			};
			buildConfigurationList = 8B895C70274DE98B008F557E /* Build configuration list for PBXProject "iOS_Mini_Project_Panha_BTB" */;
			compatibilityVersion = "Xcode 13.0";
			developmentRegion = en;
			hasScannedForEncodings = 0;
			knownRegions = (
				en,
				Base,
			);
			mainGroup = 8B895C6C274DE98B008F557E;
			productRefGroup = 8B895C76274DE98B008F557E /* Products */;
			projectDirPath = "";
			projectRoot = "";
			targets = (
				8B895C74274DE98B008F557E /* iOS_Mini_Project_Panha_BTB */,
			);
		};
/* End PBXProject section */

/* Begin PBXResourcesBuildPhase section */
		8B895C73274DE98B008F557E /* Resources */ = {
			isa = PBXResourcesBuildPhase;
			buildActionMask = 2147483647;
			files = (
				8B895C85274DE98C008F557E /* LaunchScreen.storyboard in Resources */,
				8B0B612C27536C6F0038F18A /* PostSB.storyboard in Resources */,
				8B0B612827536A150038F18A /* NewFeedSB.storyboard in Resources */,
				8B0B6126275369E70038F18A /* ProfileSB.storyboard in Resources */,
				8B895C82274DE98C008F557E /* Assets.xcassets in Resources */,
				8B895C80274DE98B008F557E /* Main.storyboard in Resources */,
			);
			runOnlyForDeploymentPostprocessing = 0;
		};
/* End PBXResourcesBuildPhase section */

/* Begin PBXShellScriptBuildPhase section */
		913E22EF9C1D3D2042BC699F /* [CP] Check Pods Manifest.lock */ = {
			isa = PBXShellScriptBuildPhase;
			buildActionMask = 2147483647;
			files = (
			);
			inputFileListPaths = (
			);
			inputPaths = (
				"${PODS_PODFILE_DIR_PATH}/Podfile.lock",
				"${PODS_ROOT}/Manifest.lock",
			);
			name = "[CP] Check Pods Manifest.lock";
			outputFileListPaths = (
			);
			outputPaths = (
				"$(DERIVED_FILE_DIR)/Pods-iOS_Mini_Project_Panha_BTB-checkManifestLockResult.txt",
			);
			runOnlyForDeploymentPostprocessing = 0;
			shellPath = /bin/sh;
			shellScript = "diff \"${PODS_PODFILE_DIR_PATH}/Podfile.lock\" \"${PODS_ROOT}/Manifest.lock\" > /dev/null\nif [ $? != 0 ] ; then\n    # print error to STDERR\n    echo \"error: The sandbox is not in sync with the Podfile.lock. Run 'pod install' or update your CocoaPods installation.\" >&2\n    exit 1\nfi\n# This output is used by Xcode 'outputs' to avoid re-running this script phase.\necho \"SUCCESS\" > \"${SCRIPT_OUTPUT_FILE_0}\"\n";
			showEnvVarsInLog = 0;
		};
		D0D3A0416AE3D1A90020F9A8 /* [CP] Embed Pods Frameworks */ = {
			isa = PBXShellScriptBuildPhase;
			buildActionMask = 2147483647;
			files = (
			);
			inputFileListPaths = (
				"${PODS_ROOT}/Target Support Files/Pods-iOS_Mini_Project_Panha_BTB/Pods-iOS_Mini_Project_Panha_BTB-frameworks-${CONFIGURATION}-input-files.xcfilelist",
			);
			name = "[CP] Embed Pods Frameworks";
			outputFileListPaths = (
				"${PODS_ROOT}/Target Support Files/Pods-iOS_Mini_Project_Panha_BTB/Pods-iOS_Mini_Project_Panha_BTB-frameworks-${CONFIGURATION}-output-files.xcfilelist",
			);
			runOnlyForDeploymentPostprocessing = 0;
			shellPath = /bin/sh;
			shellScript = "\"${PODS_ROOT}/Target Support Files/Pods-iOS_Mini_Project_Panha_BTB/Pods-iOS_Mini_Project_Panha_BTB-frameworks.sh\"\n";
			showEnvVarsInLog = 0;
		};
/* End PBXShellScriptBuildPhase section */

/* Begin PBXSourcesBuildPhase section */
		8B895C71274DE98B008F557E /* Sources */ = {
			isa = PBXSourcesBuildPhase;
			buildActionMask = 2147483647;
			files = (
				8BFD62952755041D00EF43BA /* FeedViewModel.swift in Sources */,
				8B895C79274DE98B008F557E /* AppDelegate.swift in Sources */,
				8BFD62932754E48400EF43BA /* FeedViewController.swift in Sources */,
				8BFD627E27548C7A00EF43BA /* Article.swift in Sources */,
				8BFD62822754A54D00EF43BA /* ArticleModel.swift in Sources */,
				8BFD62912754E3FA00EF43BA /* Networking.swift in Sources */,
				8B0B612A27536AB30038F18A /* ProfileViewController.swift in Sources */,
				8B895C7B274DE98B008F557E /* SceneDelegate.swift in Sources */,
				8BFD628F2754E36A00EF43BA /* ArticleTableViewCell.swift in Sources */,
				8B0B612E27536C870038F18A /* PostViewController.swift in Sources */,
			);
			runOnlyForDeploymentPostprocessing = 0;
		};
/* End PBXSourcesBuildPhase section */

/* Begin PBXVariantGroup section */
		8B895C7E274DE98B008F557E /* Main.storyboard */ = {
			isa = PBXVariantGroup;
			children = (
				8B895C7F274DE98B008F557E /* Base */,
			);
			name = Main.storyboard;
			sourceTree = "<group>";
		};
		8B895C83274DE98C008F557E /* LaunchScreen.storyboard */ = {
			isa = PBXVariantGroup;
			children = (
				8B895C84274DE98C008F557E /* Base */,
			);
			name = LaunchScreen.storyboard;
			sourceTree = "<group>";
		};
/* End PBXVariantGroup section */

/* Begin XCBuildConfiguration section */
		8B895C87274DE98C008F557E /* Debug */ = {
			isa = XCBuildConfiguration;
			buildSettings = {
				ALWAYS_SEARCH_USER_PATHS = NO;
				CLANG_ANALYZER_NONNULL = YES;
				CLANG_ANALYZER_NUMBER_OBJECT_CONVERSION = YES_AGGRESSIVE;
				CLANG_CXX_LANGUAGE_STANDARD = "gnu++17";
				CLANG_CXX_LIBRARY = "libc++";
				CLANG_ENABLE_MODULES = YES;
				CLANG_ENABLE_OBJC_ARC = YES;
				CLANG_ENABLE_OBJC_WEAK = YES;
				CLANG_WARN_BLOCK_CAPTURE_AUTORELEASING = YES;
				CLANG_WARN_BOOL_CONVERSION = YES;
				CLANG_WARN_COMMA = YES;
				CLANG_WARN_CONSTANT_CONVERSION = YES;
				CLANG_WARN_DEPRECATED_OBJC_IMPLEMENTATIONS = YES;
				CLANG_WARN_DIRECT_OBJC_ISA_USAGE = YES_ERROR;
				CLANG_WARN_DOCUMENTATION_COMMENTS = YES;
				CLANG_WARN_EMPTY_BODY = YES;
				CLANG_WARN_ENUM_CONVERSION = YES;
				CLANG_WARN_INFINITE_RECURSION = YES;
				CLANG_WARN_INT_CONVERSION = YES;
				CLANG_WARN_NON_LITERAL_NULL_CONVERSION = YES;
				CLANG_WARN_OBJC_IMPLICIT_RETAIN_SELF = YES;
				CLANG_WARN_OBJC_LITERAL_CONVERSION = YES;
				CLANG_WARN_OBJC_ROOT_CLASS = YES_ERROR;
				CLANG_WARN_QUOTED_INCLUDE_IN_FRAMEWORK_HEADER = YES;
				CLANG_WARN_RANGE_LOOP_ANALYSIS = YES;
				CLANG_WARN_STRICT_PROTOTYPES = YES;
				CLANG_WARN_SUSPICIOUS_MOVE = YES;
				CLANG_WARN_UNGUARDED_AVAILABILITY = YES_AGGRESSIVE;
				CLANG_WARN_UNREACHABLE_CODE = YES;
				CLANG_WARN__DUPLICATE_METHOD_MATCH = YES;
				COPY_PHASE_STRIP = NO;
				DEBUG_INFORMATION_FORMAT = dwarf;
				ENABLE_STRICT_OBJC_MSGSEND = YES;
				ENABLE_TESTABILITY = YES;
				GCC_C_LANGUAGE_STANDARD = gnu11;
				GCC_DYNAMIC_NO_PIC = NO;
				GCC_NO_COMMON_BLOCKS = YES;
				GCC_OPTIMIZATION_LEVEL = 0;
				GCC_PREPROCESSOR_DEFINITIONS = (
					"DEBUG=1",
					"$(inherited)",
				);
				GCC_WARN_64_TO_32_BIT_CONVERSION = YES;
				GCC_WARN_ABOUT_RETURN_TYPE = YES_ERROR;
				GCC_WARN_UNDECLARED_SELECTOR = YES;
				GCC_WARN_UNINITIALIZED_AUTOS = YES_AGGRESSIVE;
				GCC_WARN_UNUSED_FUNCTION = YES;
				GCC_WARN_UNUSED_VARIABLE = YES;
				IPHONEOS_DEPLOYMENT_TARGET = 15.0;
				MTL_ENABLE_DEBUG_INFO = INCLUDE_SOURCE;
				MTL_FAST_MATH = YES;
				ONLY_ACTIVE_ARCH = YES;
				SDKROOT = iphoneos;
				SWIFT_ACTIVE_COMPILATION_CONDITIONS = DEBUG;
				SWIFT_OPTIMIZATION_LEVEL = "-Onone";
			};
			name = Debug;
		};
		8B895C88274DE98C008F557E /* Release */ = {
			isa = XCBuildConfiguration;
			buildSettings = {
				ALWAYS_SEARCH_USER_PATHS = NO;
				CLANG_ANALYZER_NONNULL = YES;
				CLANG_ANALYZER_NUMBER_OBJECT_CONVERSION = YES_AGGRESSIVE;
				CLANG_CXX_LANGUAGE_STANDARD = "gnu++17";
				CLANG_CXX_LIBRARY = "libc++";
				CLANG_ENABLE_MODULES = YES;
				CLANG_ENABLE_OBJC_ARC = YES;
				CLANG_ENABLE_OBJC_WEAK = YES;
				CLANG_WARN_BLOCK_CAPTURE_AUTORELEASING = YES;
				CLANG_WARN_BOOL_CONVERSION = YES;
				CLANG_WARN_COMMA = YES;
				CLANG_WARN_CONSTANT_CONVERSION = YES;
				CLANG_WARN_DEPRECATED_OBJC_IMPLEMENTATIONS = YES;
				CLANG_WARN_DIRECT_OBJC_ISA_USAGE = YES_ERROR;
				CLANG_WARN_DOCUMENTATION_COMMENTS = YES;
				CLANG_WARN_EMPTY_BODY = YES;
				CLANG_WARN_ENUM_CONVERSION = YES;
				CLANG_WARN_INFINITE_RECURSION = YES;
				CLANG_WARN_INT_CONVERSION = YES;
				CLANG_WARN_NON_LITERAL_NULL_CONVERSION = YES;
				CLANG_WARN_OBJC_IMPLICIT_RETAIN_SELF = YES;
				CLANG_WARN_OBJC_LITERAL_CONVERSION = YES;
				CLANG_WARN_OBJC_ROOT_CLASS = YES_ERROR;
				CLANG_WARN_QUOTED_INCLUDE_IN_FRAMEWORK_HEADER = YES;
				CLANG_WARN_RANGE_LOOP_ANALYSIS = YES;
				CLANG_WARN_STRICT_PROTOTYPES = YES;
				CLANG_WARN_SUSPICIOUS_MOVE = YES;
				CLANG_WARN_UNGUARDED_AVAILABILITY = YES_AGGRESSIVE;
				CLANG_WARN_UNREACHABLE_CODE = YES;
				CLANG_WARN__DUPLICATE_METHOD_MATCH = YES;
				COPY_PHASE_STRIP = NO;
				DEBUG_INFORMATION_FORMAT = "dwarf-with-dsym";
				ENABLE_NS_ASSERTIONS = NO;
				ENABLE_STRICT_OBJC_MSGSEND = YES;
				GCC_C_LANGUAGE_STANDARD = gnu11;
				GCC_NO_COMMON_BLOCKS = YES;
				GCC_WARN_64_TO_32_BIT_CONVERSION = YES;
				GCC_WARN_ABOUT_RETURN_TYPE = YES_ERROR;
				GCC_WARN_UNDECLARED_SELECTOR = YES;
				GCC_WARN_UNINITIALIZED_AUTOS = YES_AGGRESSIVE;
				GCC_WARN_UNUSED_FUNCTION = YES;
				GCC_WARN_UNUSED_VARIABLE = YES;
				IPHONEOS_DEPLOYMENT_TARGET = 15.0;
				MTL_ENABLE_DEBUG_INFO = NO;
				MTL_FAST_MATH = YES;
				SDKROOT = iphoneos;
				SWIFT_COMPILATION_MODE = wholemodule;
				SWIFT_OPTIMIZATION_LEVEL = "-O";
				VALIDATE_PRODUCT = YES;
			};
			name = Release;
		};
		8B895C8A274DE98D008F557E /* Debug */ = {
			isa = XCBuildConfiguration;
			baseConfigurationReference = AD79C57C30FB68ADABEC313C /* Pods-iOS_Mini_Project_Panha_BTB.debug.xcconfig */;
			buildSettings = {
				ASSETCATALOG_COMPILER_APPICON_NAME = AppIcon;
				ASSETCATALOG_COMPILER_GLOBAL_ACCENT_COLOR_NAME = AccentColor;
				CODE_SIGN_STYLE = Automatic;
				CURRENT_PROJECT_VERSION = 1;
				GENERATE_INFOPLIST_FILE = YES;
				INFOPLIST_FILE = iOS_Mini_Project_Panha_BTB/Info.plist;
				INFOPLIST_KEY_UIApplicationSupportsIndirectInputEvents = YES;
				INFOPLIST_KEY_UILaunchStoryboardName = LaunchScreen;
				INFOPLIST_KEY_UIMainStoryboardFile = Main;
				INFOPLIST_KEY_UISupportedInterfaceOrientations_iPad = "UIInterfaceOrientationPortrait UIInterfaceOrientationPortraitUpsideDown UIInterfaceOrientationLandscapeLeft UIInterfaceOrientationLandscapeRight";
				INFOPLIST_KEY_UISupportedInterfaceOrientations_iPhone = "UIInterfaceOrientationPortrait UIInterfaceOrientationLandscapeLeft UIInterfaceOrientationLandscapeRight";
				LD_RUNPATH_SEARCH_PATHS = (
					"$(inherited)",
					"@executable_path/Frameworks",
				);
				MARKETING_VERSION = 1.0;
				PRODUCT_BUNDLE_IDENTIFIER = "com.kshrd9th.iOS-Mini-Project-Panha-BTB";
				PRODUCT_NAME = "$(TARGET_NAME)";
				SWIFT_EMIT_LOC_STRINGS = YES;
				SWIFT_VERSION = 5.0;
				TARGETED_DEVICE_FAMILY = "1,2";
			};
			name = Debug;
		};
		8B895C8B274DE98D008F557E /* Release */ = {
			isa = XCBuildConfiguration;
			baseConfigurationReference = 1D8CD0CCE5C3579EF8ED10CC /* Pods-iOS_Mini_Project_Panha_BTB.release.xcconfig */;
			buildSettings = {
				ASSETCATALOG_COMPILER_APPICON_NAME = AppIcon;
				ASSETCATALOG_COMPILER_GLOBAL_ACCENT_COLOR_NAME = AccentColor;
				CODE_SIGN_STYLE = Automatic;
				CURRENT_PROJECT_VERSION = 1;
				GENERATE_INFOPLIST_FILE = YES;
				INFOPLIST_FILE = iOS_Mini_Project_Panha_BTB/Info.plist;
				INFOPLIST_KEY_UIApplicationSupportsIndirectInputEvents = YES;
				INFOPLIST_KEY_UILaunchStoryboardName = LaunchScreen;
				INFOPLIST_KEY_UIMainStoryboardFile = Main;
				INFOPLIST_KEY_UISupportedInterfaceOrientations_iPad = "UIInterfaceOrientationPortrait UIInterfaceOrientationPortraitUpsideDown UIInterfaceOrientationLandscapeLeft UIInterfaceOrientationLandscapeRight";
				INFOPLIST_KEY_UISupportedInterfaceOrientations_iPhone = "UIInterfaceOrientationPortrait UIInterfaceOrientationLandscapeLeft UIInterfaceOrientationLandscapeRight";
				LD_RUNPATH_SEARCH_PATHS = (
					"$(inherited)",
					"@executable_path/Frameworks",
				);
				MARKETING_VERSION = 1.0;
				PRODUCT_BUNDLE_IDENTIFIER = "com.kshrd9th.iOS-Mini-Project-Panha-BTB";
				PRODUCT_NAME = "$(TARGET_NAME)";
				SWIFT_EMIT_LOC_STRINGS = YES;
				SWIFT_VERSION = 5.0;
				TARGETED_DEVICE_FAMILY = "1,2";
			};
			name = Release;
		};
/* End XCBuildConfiguration section */

/* Begin XCConfigurationList section */
		8B895C70274DE98B008F557E /* Build configuration list for PBXProject "iOS_Mini_Project_Panha_BTB" */ = {
			isa = XCConfigurationList;
			buildConfigurations = (
				8B895C87274DE98C008F557E /* Debug */,
				8B895C88274DE98C008F557E /* Release */,
			);
			defaultConfigurationIsVisible = 0;
			defaultConfigurationName = Release;
		};
		8B895C89274DE98D008F557E /* Build configuration list for PBXNativeTarget "iOS_Mini_Project_Panha_BTB" */ = {
			isa = XCConfigurationList;
			buildConfigurations = (
				8B895C8A274DE98D008F557E /* Debug */,
				8B895C8B274DE98D008F557E /* Release */,
			);
			defaultConfigurationIsVisible = 0;
			defaultConfigurationName = Release;
		};
/* End XCConfigurationList section */
	};
	rootObject = 8B895C6D274DE98B008F557E /* Project object */;
}
